<?xml version="1.0" encoding="utf-8"?>
<Project ToolsVersion="4.0" xmlns="http://schemas.microsoft.com/developer/msbuild/2003">
  <ItemGroup>
    <Filter Include="Source Files">
      <UniqueIdentifier>{7ea37d1f-11c5-4b08-90d9-76c3d788af3b}</UniqueIdentifier>
      <Extensions>cpp;c;cxx;rc;def;r;odl;idl;hpj;bat</Extensions>
    </Filter>
    <Filter Include="Header Files">
      <UniqueIdentifier>{b81ec70b-bcc5-4f4b-b550-8af8378fb2fc}</UniqueIdentifier>
      <Extensions>h;hpp;hxx;hm;inl</Extensions>
    </Filter>
  </ItemGroup>
  <ItemGroup>
    <ClInclude Include="goldsrc_bspfile.h">
      <Filter>Source Files</Filter>
    </ClInclude>
    <ClInclude Include="goldsrc_standin.h">
      <Filter>Source Files</Filter>
    </ClInclude>
    <ClInclude Include="lbmlib.h">
      <Filter>Source Files</Filter>
    </ClInclude>
    <ClInclude Include="wadlib.h">
      <Filter>Source Files</Filter>
    </ClInclude>
  </ItemGroup>
  <ItemGroup>
    <ClCompile Include="goldsrc_standin.cpp">
      <Filter>Source Files</Filter>
    </ClCompile>
    <ClCompile Include="lbmlib.cpp">
      <Filter>Source Files</Filter>
    </ClCompile>
    <ClCompile Include="wadlib.cpp">
      <Filter>Source Files</Filter>
    </ClCompile>
    <ClCompile Include="xwad.cpp">
      <Filter>Source Files</Filter>
    </ClCompile>
  </ItemGroup>
</Project>